
Microsoft Visual Studio Solution File, Format Version 12.00
# Visual Studio Version 17
VisualStudioVersion = 17.3.32929.385
MinimumVisualStudioVersion = 10.0.40219.1
Project("{8BC9CEB8-8B4A-11D0-8D11-00A0C91BC942}") = "PengEngine", "PengEngine.vcxproj", "{EA213F04-AE62-4F34-A963-CF22B11E4DF6}"
EndProject
Global
	GlobalSection(SolutionConfigurationPlatforms) = preSolution
		Debug|x64 = Debug|x64
		Debug|x86 = Debug|x86
		Development|x64 = Development|x64
		Development|x86 = Development|x86
		Master|x64 = Master|x64
		Master|x86 = Master|x86
		Release|x64 = Release|x64
		Release|x86 = Release|x86
	EndGlobalSection
	GlobalSection(ProjectConfigurationPlatforms) = postSolution
		{EA213F04-AE62-4F34-A963-CF22B11E4DF6}.Debug|x64.ActiveCfg = Debug|x64
		{EA213F04-AE62-4F34-A963-CF22B11E4DF6}.Debug|x64.Build.0 = Debug|x64
		{EA213F04-AE62-4F34-A963-CF22B11E4DF6}.Debug|x86.ActiveCfg = Debug|Win32
		{EA213F04-AE62-4F34-A963-CF22B11E4DF6}.Debug|x86.Build.0 = Debug|Win32
		{EA213F04-AE62-4F34-A963-CF22B11E4DF6}.Development|x64.ActiveCfg = Development|x64
		{EA213F04-AE62-4F34-A963-CF22B11E4DF6}.Development|x64.Build.0 = Development|x64
		{EA213F04-AE62-4F34-A963-CF22B11E4DF6}.Development|x86.ActiveCfg = Development|Win32
		{EA213F04-AE62-4F34-A963-CF22B11E4DF6}.Development|x86.Build.0 = Development|Win32
		{EA213F04-AE62-4F34-A963-CF22B11E4DF6}.Master|x64.ActiveCfg = Master|x64
		{EA213F04-AE62-4F34-A963-CF22B11E4DF6}.Master|x64.Build.0 = Master|x64
		{EA213F04-AE62-4F34-A963-CF22B11E4DF6}.Master|x86.ActiveCfg = Master|Win32
		{EA213F04-AE62-4F34-A963-CF22B11E4DF6}.Master|x86.Build.0 = Master|Win32
		{EA213F04-AE62-4F34-A963-CF22B11E4DF6}.Release|x64.ActiveCfg = Release|x64
		{EA213F04-AE62-4F34-A963-CF22B11E4DF6}.Release|x64.Build.0 = Release|x64
		{EA213F04-AE62-4F34-A963-CF22B11E4DF6}.Release|x86.ActiveCfg = Release|Win32
		{EA213F04-AE62-4F34-A963-CF22B11E4DF6}.Release|x86.Build.0 = Release|Win32
	EndGlobalSection
	GlobalSection(SolutionProperties) = preSolution
		HideSolutionNode = FALSE
	EndGlobalSection
	GlobalSection(ExtensibilityGlobals) = postSolution
		SolutionGuid = {072DDBAD-D84F-4FF8-90E6-895B264C232C}
	EndGlobalSection
EndGlobal
