<?xml version="1.0" encoding="utf-8"?>
<Project ToolsVersion="4.0" xmlns="http://schemas.microsoft.com/developer/msbuild/2003">
  <ItemGroup>
    <Filter Include="Source Files">
      <UniqueIdentifier>{4FC737F1-C7A5-4376-A066-2A32D752A2FF}</UniqueIdentifier>
      <Extensions>cpp;c;cc;cxx;c++;cppm;ixx;def;odl;idl;hpj;bat;asm;asmx</Extensions>
    </Filter>
    <Filter Include="Header Files">
      <UniqueIdentifier>{93995380-89BD-4b04-88EB-625FBE52EBFB}</UniqueIdentifier>
      <Extensions>h;hh;hpp;hxx;h++;hm;inl;inc;ipp;xsd</Extensions>
    </Filter>
    <Filter Include="Resource Files">
      <UniqueIdentifier>{67DA6AB6-F800-4c08-8B7A-83BB121AAD01}</UniqueIdentifier>
      <Extensions>rc;ico;cur;bmp;dlg;rc2;rct;bin;rgs;gif;jpg;jpeg;jpe;resx;tiff;tif;png;wav;mfcribbon-ms</Extensions>
    </Filter>
  </ItemGroup>
  <ItemGroup>
    <ClCompile Include="src\main.cpp">
      <Filter>Source Files</Filter>
    </ClCompile>
    <ClCompile Include="src\core\peng_engine.cpp">
      <Filter>Source Files</Filter>
    </ClCompile>
    <ClCompile Include="src\threading\job.cpp">
      <Filter>Source Files</Filter>
    </ClCompile>
    <ClCompile Include="src\threading\thread_pool.cpp">
      <Filter>Source Files</Filter>
    </ClCompile>
    <ClCompile Include="src\utils\strtools.cpp">
      <Filter>Source Files</Filter>
    </ClCompile>
    <ClCompile Include="src\threading\worker_thread.cpp">
      <Filter>Source Files</Filter>
    </ClCompile>
    <ClCompile Include="src\utils\timing.cpp">
      <Filter>Source Files</Filter>
    </ClCompile>
    <ClCompile Include="src\core\entity_subsystem.cpp">
      <Filter>Source Files</Filter>
    </ClCompile>
    <ClCompile Include="src\core\entity.cpp">
      <Filter>Source Files</Filter>
    </ClCompile>
    <ClCompile Include="src\demo\demo_main.cpp">
      <Filter>Source Files</Filter>
    </ClCompile>
    <ClCompile Include="src\demo\blob_entity.cpp">
      <Filter>Source Files</Filter>
    </ClCompile>
    <ClCompile Include="src\rendering\shader.cpp">
      <Filter>Source Files</Filter>
    </ClCompile>
    <ClCompile Include="src\rendering\mesh.cpp">
      <Filter>Source Files</Filter>
    </ClCompile>
    <ClCompile Include="src\utils\io.cpp">
      <Filter>Source Files</Filter>
    </ClCompile>
    <ClCompile Include="src\rendering\material.cpp">
      <Filter>Source Files</Filter>
    </ClCompile>
    <ClCompile Include="src\rendering\texture.cpp">
      <Filter>Source Files</Filter>
    </ClCompile>
    <ClCompile Include="src\core\logger.cpp">
      <Filter>Source Files</Filter>
    </ClCompile>
    <ClCompile Include="src\math\transform.cpp">
      <Filter>Source Files</Filter>
    </ClCompile>
    <ClCompile Include="src\rendering\primitives.cpp">
      <Filter>Source Files</Filter>
    </ClCompile>
    <ClCompile Include="src\input\key_state.cpp">
      <Filter>Source Files</Filter>
    </ClCompile>
    <ClCompile Include="src\input\input_subsystem.cpp">
      <Filter>Source Files</Filter>
    </ClCompile>
    <ClCompile Include="src\entities\camera.cpp">
      <Filter>Source Files</Filter>
    </ClCompile>
    <ClCompile Include="src\demo\demo_controller.cpp">
      <Filter>Source Files</Filter>
    </ClCompile>
    <ClCompile Include="src\core\component.cpp">
      <Filter>Source Files</Filter>
    </ClCompile>
    <ClCompile Include="src\components\mesh_renderer.cpp">
      <Filter>Source Files</Filter>
    </ClCompile>
    <ClCompile Include="src\components\fly_cam_controller.cpp">
      <Filter>Source Files</Filter>
    </ClCompile>
    <ClCompile Include="src\math\plane.cpp">
      <Filter>Source Files</Filter>
    </ClCompile>
    <ClCompile Include="src\math\ray.cpp">
      <Filter>Source Files</Filter>
    </ClCompile>
    <ClCompile Include="src\rendering\vertex.cpp">
      <Filter>Source Files</Filter>
    </ClCompile>
    <ClCompile Include="src\rendering\utils.cpp">
      <Filter>Source Files</Filter>
    </ClCompile>
    <ClCompile Include="src\entities\point_light.cpp">
      <Filter>Source Files</Filter>
    </ClCompile>
    <ClCompile Include="src\rendering\shader_compiler.cpp">
      <Filter>Source Files</Filter>
    </ClCompile>
    <ClCompile Include="src\rendering\shader_type.cpp">
      <Filter>Source Files</Filter>
    </ClCompile>
    <ClCompile Include="src\core\reflection_database.cpp">
      <Filter>Source Files</Filter>
    </ClCompile>
    <ClCompile Include="src\core\entity_factory.cpp">
      <Filter>Source Files</Filter>
    </ClCompile>
    <ClCompile Include="src\utils\csv.cpp">
      <Filter>Source Files</Filter>
    </ClCompile>
    <ClCompile Include="src\profiling\superluminal_profiler.cpp">
      <Filter>Source Files</Filter>
    </ClCompile>
    <ClCompile Include="src\profiling\profiler_manager.cpp">
      <Filter>Source Files</Filter>
    </ClCompile>
    <ClCompile Include="src\profiling\scoped_event.cpp">
      <Filter>Source Files</Filter>
    </ClCompile>
    <ClCompile Include="src\core\tickable.cpp">
      <Filter>Source Files</Filter>
    </ClCompile>
    <ClCompile Include="src\demo\gravity\gravity_controller.cpp">
      <Filter>Source Files</Filter>
    </ClCompile>
    <ClCompile Include="src\demo\gravity\rock.cpp">
      <Filter>Source Files</Filter>
    </ClCompile>
    <ClCompile Include="src\demo\debug_entity.cpp">
      <Filter>Source Files</Filter>
    </ClCompile>
    <ClCompile Include="src\math\math.cpp">
      <Filter>Source Files</Filter>
    </ClCompile>
    <ClCompile Include="src\scene\scene_loader.cpp">
      <Filter>Source Files</Filter>
    </ClCompile>
    <ClCompile Include="src\math\json_support.cpp">
      <Filter>Source Files</Filter>
    </ClCompile>
    <ClCompile Include="src\core\component_factory.cpp">
      <Filter>Source Files</Filter>
    </ClCompile>
    <ClCompile Include="src\rendering\frame_buffer.cpp">
      <Filter>Source Files</Filter>
    </ClCompile>
    <ClCompile Include="src\entities\skybox.cpp">
      <Filter>Source Files</Filter>
    </ClCompile>
    <ClCompile Include="src\rendering\render_queue.cpp">
      <Filter>Source Files</Filter>
    </ClCompile>
    <ClCompile Include="src\rendering\draw_call_tree.cpp">
      <Filter>Source Files</Filter>
    </ClCompile>
    <ClCompile Include="src\entities\directional_light.cpp">
      <Filter>Source Files</Filter>
    </ClCompile>
    <ClCompile Include="src\profiling\scoped_gpu_event.cpp">
      <Filter>Source Files</Filter>
    </ClCompile>
    <ClCompile Include="src\demo\pong\peng_pong.cpp">
      <Filter>Source Files</Filter>
    </ClCompile>
    <ClCompile Include="src\demo\pong\paddle.cpp">
      <Filter>Source Files</Filter>
    </ClCompile>
    <ClCompile Include="src\components\rigid_body.cpp">
      <Filter>Source Files</Filter>
    </ClCompile>
    <ClCompile Include="src\components\rigid_body_2d.cpp">
      <Filter>Source Files</Filter>
    </ClCompile>
    <ClCompile Include="src\demo\pong\ball.cpp">
      <Filter>Source Files</Filter>
    </ClCompile>
    <ClCompile Include="src\components\collider_2d.cpp">
      <Filter>Source Files</Filter>
    </ClCompile>
    <ClCompile Include="src\components\box_collider_2d.cpp">
      <Filter>Source Files</Filter>
    </ClCompile>
    <ClCompile Include="src\physics\aabb.h">
      <Filter>Source Files</Filter>
    </ClCompile>
    <ClCompile Include="src\physics\aabb.cpp">
      <Filter>Source Files</Filter>
    </ClCompile>
    <ClCompile Include="src\demo\pong\goal.cpp">
      <Filter>Source Files</Filter>
    </ClCompile>
    <ClCompile Include="src\physics\layer.cpp">
      <Filter>Source Files</Filter>
    </ClCompile>
    <ClCompile Include="src\demo\pong\digit_display.cpp">
      <Filter>Source Files</Filter>
    </ClCompile>
    <ClCompile Include="src\demo\pong\number_display.cpp">
      <Filter>Source Files</Filter>
    </ClCompile>
    <ClCompile Include="src\rendering\sprite.cpp">
      <Filter>Source Files</Filter>
    </ClCompile>
    <ClCompile Include="src\components\sprite_renderer.cpp">
      <Filter>Source Files</Filter>
    </ClCompile>
    <ClCompile Include="src\audio\audio_subsystem.cpp">
      <Filter>Source Files</Filter>
    </ClCompile>
    <ClCompile Include="src\core\subsystem.cpp">
      <Filter>Source Files</Filter>
    </ClCompile>
    <ClCompile Include="src\audio\audio_clip.cpp">
      <Filter>Source Files</Filter>
    </ClCompile>
    <ClCompile Include="src\audio\audio_source.cpp">
      <Filter>Source Files</Filter>
    </ClCompile>
    <ClCompile Include="src\audio\audio_pool.cpp">
      <Filter>Source Files</Filter>
    </ClCompile>
    <ClCompile Include="src\rendering\texture_binding_cache.cpp">
      <Filter>Source Files</Filter>
    </ClCompile>
    <ClCompile Include="src\rendering\sprite_sheet.cpp">
      <Filter>Source Files</Filter>
    </ClCompile>
  </ItemGroup>
  <ItemGroup>
    <ClInclude Include="src\core\peng_engine.h">
      <Filter>Header Files</Filter>
    </ClInclude>
    <ClInclude Include="src\threading\job.h">
      <Filter>Header Files</Filter>
    </ClInclude>
    <ClInclude Include="src\threading\thread_pool.h">
      <Filter>Header Files</Filter>
    </ClInclude>
    <ClInclude Include="src\common\common.h">
      <Filter>Header Files</Filter>
    </ClInclude>
    <ClInclude Include="src\libs\moodycamel\atomicops.h">
      <Filter>Header Files</Filter>
    </ClInclude>
    <ClInclude Include="src\libs\moodycamel\blockingconcurrentqueue.h">
      <Filter>Header Files</Filter>
    </ClInclude>
    <ClInclude Include="src\libs\moodycamel\concurrentqueue.h">
      <Filter>Header Files</Filter>
    </ClInclude>
    <ClInclude Include="src\libs\moodycamel\lightweightsemaphore.h">
      <Filter>Header Files</Filter>
    </ClInclude>
    <ClInclude Include="src\libs\moodycamel\readerwriterqueue.h">
      <Filter>Header Files</Filter>
    </ClInclude>
    <ClInclude Include="src\threading\worker_thread.h">
      <Filter>Header Files</Filter>
    </ClInclude>
    <ClInclude Include="src\utils\functional.h">
      <Filter>Header Files</Filter>
    </ClInclude>
    <ClInclude Include="src\utils\strtools.h">
      <Filter>Header Files</Filter>
    </ClInclude>
    <ClInclude Include="src\utils\traits.h">
      <Filter>Header Files</Filter>
    </ClInclude>
    <ClInclude Include="src\utils\utils.h">
      <Filter>Header Files</Filter>
    </ClInclude>
    <ClInclude Include="src\utils\variadic.h">
      <Filter>Header Files</Filter>
    </ClInclude>
    <ClInclude Include="src\utils\detail\final_act.h">
      <Filter>Header Files</Filter>
    </ClInclude>
    <ClInclude Include="src\utils\timing.h">
      <Filter>Header Files</Filter>
    </ClInclude>
    <ClInclude Include="src\utils\event.h">
      <Filter>Header Files</Filter>
    </ClInclude>
    <ClInclude Include="src\utils\vectools.h">
      <Filter>Header Files</Filter>
    </ClInclude>
    <ClInclude Include="src\core\entity.h">
      <Filter>Header Files</Filter>
    </ClInclude>
    <ClInclude Include="src\core\entity_subsystem.h">
      <Filter>Header Files</Filter>
    </ClInclude>
    <ClInclude Include="src\demo\demo_main.h">
      <Filter>Header Files</Filter>
    </ClInclude>
    <ClInclude Include="src\demo\blob_entity.h">
      <Filter>Header Files</Filter>
    </ClInclude>
    <ClInclude Include="src\memory\shared_ptr.h">
      <Filter>Header Files</Filter>
    </ClInclude>
    <ClInclude Include="src\memory\weak_ptr.h">
      <Filter>Header Files</Filter>
    </ClInclude>
    <ClInclude Include="src\memory\shared_ref.h">
      <Filter>Header Files</Filter>
    </ClInclude>
    <ClInclude Include="src\rendering\shader.h">
      <Filter>Header Files</Filter>
    </ClInclude>
    <ClInclude Include="src\rendering\mesh.h">
      <Filter>Header Files</Filter>
    </ClInclude>
    <ClInclude Include="src\utils\io.h">
      <Filter>Header Files</Filter>
    </ClInclude>
    <ClInclude Include="src\math\vector3.h">
      <Filter>Header Files</Filter>
    </ClInclude>
    <ClInclude Include="src\rendering\material.h">
      <Filter>Header Files</Filter>
    </ClInclude>
    <ClInclude Include="src\math\vector4.h">
      <Filter>Header Files</Filter>
    </ClInclude>
    <ClInclude Include="src\math\concepts.h">
      <Filter>Header Files</Filter>
    </ClInclude>
    <ClInclude Include="src\math\vector2.h">
      <Filter>Header Files</Filter>
    </ClInclude>
    <ClInclude Include="src\math\matrix4x4.h">
      <Filter>Header Files</Filter>
    </ClInclude>
    <ClInclude Include="src\rendering\texture.h">
      <Filter>Header Files</Filter>
    </ClInclude>
    <ClInclude Include="src\libs\stb\stb_image.h">
      <Filter>Header Files</Filter>
    </ClInclude>
    <ClInclude Include="src\core\logger.h">
      <Filter>Header Files</Filter>
    </ClInclude>
    <ClInclude Include="src\math\transform.h">
      <Filter>Header Files</Filter>
    </ClInclude>
    <ClInclude Include="src\rendering\primitives.h">
      <Filter>Header Files</Filter>
    </ClInclude>
    <ClInclude Include="src\rendering\vertex.h">
      <Filter>Header Files</Filter>
    </ClInclude>
    <ClInclude Include="src\input\key_code.h">
      <Filter>Header Files</Filter>
    </ClInclude>
    <ClInclude Include="src\input\key_state.h">
      <Filter>Header Files</Filter>
    </ClInclude>
    <ClInclude Include="src\input\input_subsystem.h">
      <Filter>Header Files</Filter>
    </ClInclude>
    <ClInclude Include="src\entities\camera.h">
      <Filter>Header Files</Filter>
    </ClInclude>
    <ClInclude Include="src\demo\demo_controller.h">
      <Filter>Header Files</Filter>
    </ClInclude>
    <ClInclude Include="src\utils\concepts.h">
      <Filter>Header Files</Filter>
    </ClInclude>
    <ClInclude Include="src\core\component.h">
      <Filter>Header Files</Filter>
    </ClInclude>
    <ClInclude Include="src\components\mesh_renderer.h">
      <Filter>Header Files</Filter>
    </ClInclude>
    <ClInclude Include="src\core\tickable.h">
      <Filter>Header Files</Filter>
    </ClInclude>
    <ClInclude Include="src\math\quaternion.h">
      <Filter>Header Files</Filter>
    </ClInclude>
    <ClInclude Include="src\components\fly_cam_controller.h">
      <Filter>Header Files</Filter>
    </ClInclude>
    <ClInclude Include="src\math\plane.h">
      <Filter>Header Files</Filter>
    </ClInclude>
    <ClInclude Include="src\math\ray.h">
      <Filter>Header Files</Filter>
    </ClInclude>
    <ClInclude Include="src\rendering\utils.h">
      <Filter>Header Files</Filter>
    </ClInclude>
    <ClInclude Include="src\core\entity_relationship.h">
      <Filter>Header Files</Filter>
    </ClInclude>
    <ClInclude Include="src\utils\enum_flags.h">
      <Filter>Header Files</Filter>
    </ClInclude>
    <ClInclude Include="src\entities\point_light.h">
      <Filter>Header Files</Filter>
    </ClInclude>
    <ClInclude Include="src\math\matrix.h">
      <Filter>Header Files</Filter>
    </ClInclude>
    <ClInclude Include="src\math\matrix3x3.h">
      <Filter>Header Files</Filter>
    </ClInclude>
    <ClInclude Include="src\rendering\shader_compiler.h">
      <Filter>Header Files</Filter>
    </ClInclude>
    <ClInclude Include="src\rendering\shader_type.h">
      <Filter>Header Files</Filter>
    </ClInclude>
    <ClInclude Include="src\rendering\shader_symbol.h">
      <Filter>Header Files</Filter>
    </ClInclude>
    <ClInclude Include="src\core\reflection_database.h">
      <Filter>Header Files</Filter>
    </ClInclude>
    <ClInclude Include="src\core\entity_definition.h">
      <Filter>Header Files</Filter>
    </ClInclude>
    <ClInclude Include="src\core\detail\reflection_bootstrap.h">
      <Filter>Header Files</Filter>
    </ClInclude>
    <ClInclude Include="src\core\item_factory.h">
      <Filter>Header Files</Filter>
    </ClInclude>
    <ClInclude Include="src\core\reflected_type.h">
      <Filter>Header Files</Filter>
    </ClInclude>
    <ClInclude Include="src\core\detail\entity_definition_bootstrap.h">
      <Filter>Header Files</Filter>
    </ClInclude>
    <ClInclude Include="src\core\entity_factory.h">
      <Filter>Header Files</Filter>
    </ClInclude>
    <ClInclude Include="src\utils\csv.h">
      <Filter>Header Files</Filter>
    </ClInclude>
    <ClInclude Include="src\libs\superluminal\PerformanceAPI.h">
      <Filter>Header Files</Filter>
    </ClInclude>
    <ClInclude Include="src\libs\superluminal\PerformanceAPI_capi.h">
      <Filter>Header Files</Filter>
    </ClInclude>
    <ClInclude Include="src\libs\superluminal\PerformanceAPI_loader.h">
      <Filter>Header Files</Filter>
    </ClInclude>
    <ClInclude Include="src\profiling\profiler.h">
      <Filter>Header Files</Filter>
    </ClInclude>
    <ClInclude Include="src\profiling\stub_profiler.h">
      <Filter>Header Files</Filter>
    </ClInclude>
    <ClInclude Include="src\profiling\superluminal_profiler.h">
      <Filter>Header Files</Filter>
    </ClInclude>
    <ClInclude Include="src\profiling\event_data.h">
      <Filter>Header Files</Filter>
    </ClInclude>
    <ClInclude Include="src\profiling\profiler_manager.h">
      <Filter>Header Files</Filter>
    </ClInclude>
    <ClInclude Include="src\profiling\scoped_event.h">
      <Filter>Header Files</Filter>
    </ClInclude>
    <ClInclude Include="src\demo\gravity\gravity_controller.h">
      <Filter>Header Files</Filter>
    </ClInclude>
    <ClInclude Include="src\demo\gravity\rock.h">
      <Filter>Header Files</Filter>
    </ClInclude>
    <ClInclude Include="src\demo\debug_entity.h">
      <Filter>Header Files</Filter>
    </ClInclude>
    <ClInclude Include="src\math\math.h">
      <Filter>Header Files</Filter>
    </ClInclude>
    <ClInclude Include="src\core\component_definition.h">
      <Filter>Header Files</Filter>
    </ClInclude>
    <ClInclude Include="src\utils\singleton.h">
      <Filter>Header Files</Filter>
    </ClInclude>
    <ClInclude Include="..\..\..\Downloads\json.hpp">
      <Filter>Header Files</Filter>
    </ClInclude>
    <ClInclude Include="src\libs\nlohmann\json.hpp">
      <Filter>Header Files</Filter>
    </ClInclude>
    <ClInclude Include="src\scene\scene_loader.h">
      <Filter>Header Files</Filter>
    </ClInclude>
    <ClInclude Include="src\math\json_support.h">
      <Filter>Header Files</Filter>
    </ClInclude>
    <ClInclude Include="src\core\component_factory.h">
      <Filter>Header Files</Filter>
    </ClInclude>
    <ClInclude Include="src\core\detail\component_definition_bootstrap.h">
      <Filter>Header Files</Filter>
    </ClInclude>
    <ClInclude Include="src\rendering\frame_buffer.h">
      <Filter>Header Files</Filter>
    </ClInclude>
    <ClInclude Include="src\entities\skybox.h">
      <Filter>Header Files</Filter>
    </ClInclude>
    <ClInclude Include="src\rendering\draw_call.h">
      <Filter>Header Files</Filter>
    </ClInclude>
    <ClInclude Include="src\rendering\render_queue.h">
      <Filter>Header Files</Filter>
    </ClInclude>
    <ClInclude Include="src\rendering\draw_call_tree.h">
      <Filter>Header Files</Filter>
    </ClInclude>
    <ClInclude Include="src\utils\hash_helpers.h">
      <Filter>Header Files</Filter>
    </ClInclude>
    <ClInclude Include="src\entities\directional_light.h">
      <Filter>Header Files</Filter>
    </ClInclude>
    <ClInclude Include="src\profiling\scoped_gpu_event.h">
      <Filter>Header Files</Filter>
    </ClInclude>
    <ClInclude Include="src\profiling\concat_macro.h">
      <Filter>Header Files</Filter>
    </ClInclude>
    <ClInclude Include="src\demo\pong\peng_pong.h">
      <Filter>Header Files</Filter>
    </ClInclude>
    <ClInclude Include="src\demo\pong\paddle.h">
      <Filter>Header Files</Filter>
    </ClInclude>
    <ClInclude Include="src\input\axis.h">
      <Filter>Header Files</Filter>
    </ClInclude>
    <ClInclude Include="src\components\rigid_body.h">
      <Filter>Header Files</Filter>
    </ClInclude>
    <ClInclude Include="src\components\rigid_body_2d.h">
      <Filter>Header Files</Filter>
    </ClInclude>
    <ClInclude Include="src\demo\pong\ball.h">
      <Filter>Header Files</Filter>
    </ClInclude>
    <ClInclude Include="src\components\collider_2d.h">
      <Filter>Header Files</Filter>
    </ClInclude>
    <ClInclude Include="src\components\box_collider_2d.h">
      <Filter>Header Files</Filter>
    </ClInclude>
    <ClInclude Include="src\demo\pong\goal.h">
      <Filter>Header Files</Filter>
    </ClInclude>
    <ClInclude Include="src\physics\layer.h">
      <Filter>Header Files</Filter>
    </ClInclude>
    <ClInclude Include="src\demo\pong\digit_display.h">
      <Filter>Header Files</Filter>
    </ClInclude>
    <ClInclude Include="src\demo\pong\number_display.h">
      <Filter>Header Files</Filter>
    </ClInclude>
    <ClInclude Include="src\rendering\sprite.h">
      <Filter>Header Files</Filter>
    </ClInclude>
    <ClInclude Include="src\components\sprite_renderer.h">
      <Filter>Header Files</Filter>
    </ClInclude>
    <ClInclude Include="src\audio\audio_subsystem.h">
      <Filter>Header Files</Filter>
    </ClInclude>
    <ClInclude Include="src\core\subsystem.h">
      <Filter>Header Files</Filter>
    </ClInclude>
    <ClInclude Include="src\core\subsystem_definition.h">
      <Filter>Header Files</Filter>
    </ClInclude>
    <ClInclude Include="src\audio\audio_clip.h">
      <Filter>Header Files</Filter>
    </ClInclude>
    <ClInclude Include="src\audio\audio_source.h">
      <Filter>Header Files</Filter>
    </ClInclude>
    <ClInclude Include="src\audio\audio_pool.h">
      <Filter>Header Files</Filter>
    </ClInclude>
    <ClInclude Include="src\rendering\texture_binding_cache.h">
      <Filter>Header Files</Filter>
    </ClInclude>
    <ClInclude Include="src\rendering\sprite_sheet.h">
      <Filter>Header Files</Filter>
    </ClInclude>
    <ClInclude Include="src\utils\check.h">
      <Filter>Header Files</Filter>
    </ClInclude>
    <ClInclude Include="src\core\asset.h">
      <Filter>Header Files</Filter>
    </ClInclude>
    <ClInclude Include="src\core\asset_definition.h">
      <Filter>Header Files</Filter>
    </ClInclude>
    <ClInclude Include="src\rendering\blend_mode.h">
      <Filter>Header Files</Filter>
    </ClInclude>
  </ItemGroup>
  <ItemGroup>
    <None Include="src\libs\moodycamel\LICENSE.md" />
    <None Include="resources\shaders\core\projection.vert" />
    <None Include="resources\shaders\core\unlit.frag" />
    <None Include="resources\shaders\core\fallback.frag" />
    <None Include="resources\shaders\demo\rave.frag" />
    <None Include="resources\shaders\demo\wobble.vert" />
    <None Include="resources\shaders\core\phong.frag" />
    <None Include="resources\scenes\demo\gravity.json" />
    <None Include="resources\shaders\core\skybox.vert" />
    <None Include="resources\scenes\demo\pong.json" />
    <None Include="resources\shaders\core\unlit.asset" />
    <None Include="resources\shaders\core\phong.asset" />
    <None Include="resources\shaders\core\skybox.asset" />
    <None Include="resources\shaders\core\fallback.asset" />
    <None Include="resources\shaders\demo\blob.asset" />
    <None Include="resources\textures\demo\wall.asset" />
  </ItemGroup>
  <ItemGroup>
    <Natvis Include="src\core\entity.natvis" />
    <Natvis Include="src\memory\shared_ptr.natvis" />
    <Natvis Include="src\memory\shared_ref.natvis" />
    <Natvis Include="src\memory\weak_ptr.natvis" />
    <Natvis Include="src\rendering\shader.natvis" />
    <Natvis Include="src\rendering\texture.natvis" />
    <Natvis Include="src\rendering\mesh.natvis" />
  </ItemGroup>
  <ItemGroup>
    <Text Include="resources\scenes\demo\sandbox.json" />
  </ItemGroup>
</Project>